// !$*UTF8*$!
{
	archiveVersion = 1;
	classes = {
	};
	objectVersion = 46;
	objects = {

/* Begin PBXBuildFile section */
		4E7EBD5F1D3C91EF00F92081 /* AppDelegate.swift in Sources */ = {isa = PBXBuildFile; fileRef = 4E7EBD5E1D3C91EF00F92081 /* AppDelegate.swift */; };
		4E7EBD611D3C91EF00F92081 /* ViewController.swift in Sources */ = {isa = PBXBuildFile; fileRef = 4E7EBD601D3C91EF00F92081 /* ViewController.swift */; };
		4E7EBD641D3C91EF00F92081 /* Main.storyboard in Resources */ = {isa = PBXBuildFile; fileRef = 4E7EBD621D3C91EF00F92081 /* Main.storyboard */; };
		4E7EBD661D3C91EF00F92081 /* Assets.xcassets in Resources */ = {isa = PBXBuildFile; fileRef = 4E7EBD651D3C91EF00F92081 /* Assets.xcassets */; };
		4E7EBD691D3C91EF00F92081 /* LaunchScreen.storyboard in Resources */ = {isa = PBXBuildFile; fileRef = 4E7EBD671D3C91EF00F92081 /* LaunchScreen.storyboard */; };
/* End PBXBuildFile section */

/* Begin PBXFileReference section */
		4E7EBD5B1D3C91EF00F92081 /* Swift-HTML.app */ = {isa = PBXFileReference; explicitFileType = wrapper.application; includeInIndex = 0; path = "Swift-HTML.app"; sourceTree = BUILT_PRODUCTS_DIR; };
		4E7EBD5E1D3C91EF00F92081 /* AppDelegate.swift */ = {isa = PBXFileReference; lastKnownFileType = sourcecode.swift; path = AppDelegate.swift; sourceTree = "<group>"; };
		4E7EBD601D3C91EF00F92081 /* ViewController.swift */ = {isa = PBXFileReference; lastKnownFileType = sourcecode.swift; path = ViewController.swift; sourceTree = "<group>"; };
		4E7EBD631D3C91EF00F92081 /* Base */ = {isa = PBXFileReference; lastKnownFileType = file.storyboard; name = Base; path = Base.lproj/Main.storyboard; sourceTree = "<group>"; };
		4E7EBD651D3C91EF00F92081 /* Assets.xcassets */ = {isa = PBXFileReference; lastKnownFileType = folder.assetcatalog; path = Assets.xcassets; sourceTree = "<group>"; };
		4E7EBD681D3C91EF00F92081 /* Base */ = {isa = PBXFileReference; lastKnownFileType = file.storyboard; name = Base; path = Base.lproj/LaunchScreen.storyboard; sourceTree = "<group>"; };
		4E7EBD6A1D3C91EF00F92081 /* Info.plist */ = {isa = PBXFileReference; lastKnownFileType = text.plist.xml; path = Info.plist; sourceTree = "<group>"; };
/* End PBXFileReference section */

/* Begin PBXFrameworksBuildPhase section */
		4E7EBD581D3C91EF00F92081 /* Frameworks */ = {
			isa = PBXFrameworksBuildPhase;
			buildActionMask = 2147483647;
			files = (
			);
			runOnlyForDeploymentPostprocessing = 0;
		};
/* End PBXFrameworksBuildPhase section */

/* Begin PBXGroup section */
		4E7EBD521D3C91EF00F92081 = {
			isa = PBXGroup;
			children = (
				4E7EBD5D1D3C91EF00F92081 /* Swift-HTML */,
				4E7EBD5C1D3C91EF00F92081 /* Products */,
			);
			sourceTree = "<group>";
		};
		4E7EBD5C1D3C91EF00F92081 /* Products */ = {
			isa = PBXGroup;
			children = (
				4E7EBD5B1D3C91EF00F92081 /* Swift-HTML.app */,
			);
			name = Products;
			sourceTree = "<group>";
		};
		4E7EBD5D1D3C91EF00F92081 /* Swift-HTML */ = {
			isa = PBXGroup;
			children = (
				4E7EBD5E1D3C91EF00F92081 /* AppDelegate.swift */,
				4E7EBD601D3C91EF00F92081 /* ViewController.swift */,
				4E7EBD621D3C91EF00F92081 /* Main.storyboard */,
				4E7EBD651D3C91EF00F92081 /* Assets.xcassets */,
				4E7EBD671D3C91EF00F92081 /* LaunchScreen.storyboard */,
				4E7EBD6A1D3C91EF00F92081 /* Info.plist */,
			);
			path = "Swift-HTML";
			sourceTree = "<group>";
		};
/* End PBXGroup section */

/* Begin PBXNativeTarget section */
		4E7EBD5A1D3C91EF00F92081 /* Swift-HTML */ = {
			isa = PBXNativeTarget;
			buildConfigurationList = 4E7EBD6D1D3C91EF00F92081 /* Build configuration list for PBXNativeTarget "Swift-HTML" */;
			buildPhases = (
				4E7EBD571D3C91EF00F92081 /* Sources */,
				4E7EBD581D3C91EF00F92081 /* Frameworks */,
				4E7EBD591D3C91EF00F92081 /* Resources */,
			);
			buildRules = (
			);
			dependencies = (
			);
			name = "Swift-HTML";
			productName = "Swift-HTML";
			productReference = 4E7EBD5B1D3C91EF00F92081 /* Swift-HTML.app */;
			productType = "com.apple.product-type.application";
		};
/* End PBXNativeTarget section */

/* Begin PBXProject section */
		4E7EBD531D3C91EF00F92081 /* Project object */ = {
			isa = PBXProject;
			attributes = {
				LastSwiftUpdateCheck = 0730;
				LastUpgradeCheck = 0730;
				ORGANIZATIONNAME = "Daniel J Janiak";
				TargetAttributes = {
					4E7EBD5A1D3C91EF00F92081 = {
						CreatedOnToolsVersion = 7.3.1;
						DevelopmentTeam = C66PLD3WQ6;
					};
				};
			};
			buildConfigurationList = 4E7EBD561D3C91EF00F92081 /* Build configuration list for PBXProject "Swift-HTML" */;
			compatibilityVersion = "Xcode 3.2";
			developmentRegion = English;
			hasScannedForEncodings = 0;
			knownRegions = (
				en,
				Base,
			);
			mainGroup = 4E7EBD521D3C91EF00F92081;
			productRefGroup = 4E7EBD5C1D3C91EF00F92081 /* Products */;
			projectDirPath = "";
			projectRoot = "";
			targets = (
				4E7EBD5A1D3C91EF00F92081 /* Swift-HTML */,
			);
		};
/* End PBXProject section */

/* Begin PBXResourcesBuildPhase section */
		4E7EBD591D3C91EF00F92081 /* Resources */ = {
			isa = PBXResourcesBuildPhase;
			buildActionMask = 2147483647;
			files = (
				4E7EBD691D3C91EF00F92081 /* LaunchScreen.storyboard in Resources */,
				4E7EBD661D3C91EF00F92081 /* Assets.xcassets in Resources */,
				4E7EBD641D3C91EF00F92081 /* Main.storyboard in Resources */,
			);
			runOnlyForDeploymentPostprocessing = 0;
		};
/* End PBXResourcesBuildPhase section */

/* Begin PBXSourcesBuildPhase section */
		4E7EBD571D3C91EF00F92081 /* Sources */ = {
			isa = PBXSourcesBuildPhase;
			buildActionMask = 2147483647;
			files = (
				4E7EBD611D3C91EF00F92081 /* ViewController.swift in Sources */,
				4E7EBD5F1D3C91EF00F92081 /* AppDelegate.swift in Sources */,
			);
			runOnlyForDeploymentPostprocessing = 0;
		};
/* End PBXSourcesBuildPhase section */

/* Begin PBXVariantGroup section */
		4E7EBD621D3C91EF00F92081 /* Main.storyboard */ = {
			isa = PBXVariantGroup;
			children = (
				4E7EBD631D3C91EF00F92081 /* Base */,
			);
			name = Main.storyboard;
			sourceTree = "<group>";
		};
		4E7EBD671D3C91EF00F92081 /* LaunchScreen.storyboard */ = {
			isa = PBXVariantGroup;
			children = (
				4E7EBD681D3C91EF00F92081 /* Base */,
			);
			name = LaunchScreen.storyboard;
			sourceTree = "<group>";
		};
/* End PBXVariantGroup section */

/* Begin XCBuildConfiguration section */
		4E7EBD6B1D3C91EF00F92081 /* Debug */ = {
			isa = XCBuildConfiguration;
			buildSettings = {
				ALWAYS_SEARCH_USER_PATHS = NO;
				CLANG_ANALYZER_NONNULL = YES;
				CLANG_CXX_LANGUAGE_STANDARD = "gnu++0x";
				CLANG_CXX_LIBRARY = "libc++";
				CLANG_ENABLE_MODULES = YES;
				CLANG_ENABLE_OBJC_ARC = YES;
				CLANG_WARN_BOOL_CONVERSION = YES;
				CLANG_WARN_CONSTANT_CONVERSION = YES;
				CLANG_WARN_DIRECT_OBJC_ISA_USAGE = YES_ERROR;
				CLANG_WARN_EMPTY_BODY = YES;
				CLANG_WARN_ENUM_CONVERSION = YES;
				CLANG_WARN_INT_CONVERSION = YES;
				CLANG_WARN_OBJC_ROOT_CLASS = YES_ERROR;
				CLANG_WARN_UNREACHABLE_CODE = YES;
				CLANG_WARN__DUPLICATE_METHOD_MATCH = YES;
				"CODE_SIGN_IDENTITY[sdk=iphoneos*]" = "iPhone Developer";
				COPY_PHASE_STRIP = NO;
				DEBUG_INFORMATION_FORMAT = dwarf;
				ENABLE_STRICT_OBJC_MSGSEND = YES;
				ENABLE_TESTABILITY = YES;
				GCC_C_LANGUAGE_STANDARD = gnu99;
				GCC_DYNAMIC_NO_PIC = NO;
				GCC_NO_COMMON_BLOCKS = YES;
				GCC_OPTIMIZATION_LEVEL = 0;
				GCC_PREPROCESSOR_DEFINITIONS = (
					"DEBUG=1",
					"$(inherited)",
				);
				GCC_WARN_64_TO_32_BIT_CONVERSION = YES;
				GCC_WARN_ABOUT_RETURN_TYPE = YES_ERROR;
				GCC_WARN_UNDECLARED_SELECTOR = YES;
				GCC_WARN_UNINITIALIZED_AUTOS = YES_AGGRESSIVE;
				GCC_WARN_UNUSED_FUNCTION = YES;
				GCC_WARN_UNUSED_VARIABLE = YES;
				IPHONEOS_DEPLOYMENT_TARGET = 9.3;
				MTL_ENABLE_DEBUG_INFO = YES;
				ONLY_ACTIVE_ARCH = YES;
				SDKROOT = iphoneos;
				SWIFT_OPTIMIZATION_LEVEL = "-Onone";
			};
			name = Debug;
		};
		4E7EBD6C1D3C91EF00F92081 /* Release */ = {
			isa = XCBuildConfiguration;
			buildSettings = {
				ALWAYS_SEARCH_USER_PATHS = NO;
				CLANG_ANALYZER_NONNULL = YES;
				CLANG_CXX_LANGUAGE_STANDARD = "gnu++0x";
				CLANG_CXX_LIBRARY = "libc++";
				CLANG_ENABLE_MODULES = YES;
				CLANG_ENABLE_OBJC_ARC = YES;
				CLANG_WARN_BOOL_CONVERSION = YES;
				CLANG_WARN_CONSTANT_CONVERSION = YES;
				CLANG_WARN_DIRECT_OBJC_ISA_USAGE = YES_ERROR;
				CLANG_WARN_EMPTY_BODY = YES;
				CLANG_WARN_ENUM_CONVERSION = YES;
				CLANG_WARN_INT_CONVERSION = YES;
				CLANG_WARN_OBJC_ROOT_CLASS = YES_ERROR;
				CLANG_WARN_UNREACHABLE_CODE = YES;
				CLANG_WARN__DUPLICATE_METHOD_MATCH = YES;
				"CODE_SIGN_IDENTITY[sdk=iphoneos*]" = "iPhone Developer";
				COPY_PHASE_STRIP = NO;
				DEBUG_INFORMATION_FORMAT = "dwarf-with-dsym";
				ENABLE_NS_ASSERTIONS = NO;
				ENABLE_STRICT_OBJC_MSGSEND = YES;
				GCC_C_LANGUAGE_STANDARD = gnu99;
				GCC_NO_COMMON_BLOCKS = YES;
				GCC_WARN_64_TO_32_BIT_CONVERSION = YES;
				GCC_WARN_ABOUT_RETURN_TYPE = YES_ERROR;
				GCC_WARN_UNDECLARED_SELECTOR = YES;
				GCC_WARN_UNINITIALIZED_AUTOS = YES_AGGRESSIVE;
				GCC_WARN_UNUSED_FUNCTION = YES;
				GCC_WARN_UNUSED_VARIABLE = YES;
				IPHONEOS_DEPLOYMENT_TARGET = 9.3;
				MTL_ENABLE_DEBUG_INFO = NO;
				SDKROOT = iphoneos;
				VALIDATE_PRODUCT = YES;
			};
			name = Release;
		};
		4E7EBD6E1D3C91EF00F92081 /* Debug */ = {
			isa = XCBuildConfiguration;
			buildSettings = {
				ASSETCATALOG_COMPILER_APPICON_NAME = AppIcon;
				INFOPLIST_FILE = "Swift-HTML/Info.plist";
				LD_RUNPATH_SEARCH_PATHS = "$(inherited) @executable_path/Frameworks";
				PRODUCT_BUNDLE_IDENTIFIER = "None0717.Swift-HTML";
				PRODUCT_NAME = "$(TARGET_NAME)";
			};
			name = Debug;
		};
		4E7EBD6F1D3C91EF00F92081 /* Release */ = {
			isa = XCBuildConfiguration;
			buildSettings = {
				ASSETCATALOG_COMPILER_APPICON_NAME = AppIcon;
				INFOPLIST_FILE = "Swift-HTML/Info.plist";
				LD_RUNPATH_SEARCH_PATHS = "$(inherited) @executable_path/Frameworks";
				PRODUCT_BUNDLE_IDENTIFIER = "None0717.Swift-HTML";
				PRODUCT_NAME = "$(TARGET_NAME)";
			};
			name = Release;
		};
/* End XCBuildConfiguration section */

/* Begin XCConfigurationList section */
		4E7EBD561D3C91EF00F92081 /* Build configuration list for PBXProject "Swift-HTML" */ = {
			isa = XCConfigurationList;
			buildConfigurations = (
				4E7EBD6B1D3C91EF00F92081 /* Debug */,
				4E7EBD6C1D3C91EF00F92081 /* Release */,
			);
			defaultConfigurationIsVisible = 0;
			defaultConfigurationName = Release;
		};
		4E7EBD6D1D3C91EF00F92081 /* Build configuration list for PBXNativeTarget "Swift-HTML" */ = {
			isa = XCConfigurationList;
			buildConfigurations = (
				4E7EBD6E1D3C91EF00F92081 /* Debug */,
				4E7EBD6F1D3C91EF00F92081 /* Release */,
			);
			defaultConfigurationIsVisible = 0;
		};
/* End XCConfigurationList section */
	};
	rootObject = 4E7EBD531D3C91EF00F92081 /* Project object */;
}
